
Microsoft Visual Studio Solution File, Format Version 12.00
# Visual Studio Version 17
VisualStudioVersion = 17.11.35208.52
MinimumVisualStudioVersion = 10.0.40219.1
Project("{FAE04EC0-301F-11D3-BF4B-00C04F79EFBC}") = "AutoClicker", "AutoClicker.csproj", "{AEC0F6F1-C230-43D5-B70B-4AD8DC447DFF}"
EndProject
Global
	GlobalSection(SolutionConfigurationPlatforms) = preSolution
		Debug|Any CPU = Debug|Any CPU
		Release|Any CPU = Release|Any CPU
	EndGlobalSection
	GlobalSection(ProjectConfigurationPlatforms) = postSolution
		{AEC0F6F1-C230-43D5-B70B-4AD8DC447DFF}.Debug|Any CPU.ActiveCfg = Debug|Any CPU
		{AEC0F6F1-C230-43D5-B70B-4AD8DC447DFF}.Debug|Any CPU.Build.0 = Debug|Any CPU
		{AEC0F6F1-C230-43D5-B70B-4AD8DC447DFF}.Release|Any CPU.ActiveCfg = Release|Any CPU
		{AEC0F6F1-C230-43D5-B70B-4AD8DC447DFF}.Release|Any CPU.Build.0 = Release|Any CPU
	EndGlobalSection
	GlobalSection(SolutionProperties) = preSolution
		HideSolutionNode = FALSE
	EndGlobalSection
	GlobalSection(ExtensibilityGlobals) = postSolution
		SolutionGuid = {5E36D7EE-D318-43C3-8F6A-F81E52DACD7D}
	EndGlobalSection
EndGlobal
